[["version","2"]]
["","container.from",["docker.io/aquasec/trivy:0.72.0","linux/amd64"],"sha256:cffe3f5161a47a6823fbd23d985795b3ed72a4c806da4c4df16266c02accdd6f"]
["","container.from",["docker.io/library/busybox:latest","linux/amd64"],"sha256:dc2d74b28e4cf8984fa52af1f39bc7c3d9c73760b41a74d629f5d11b1ab28616"]
["","container.from",["docker.io/library/golang:1.26.5","linux/amd64"],"sha256:705e964a93a2fd2e75c7d59bb7d781b57e30f12293ffde5175c69229e18fb678"]
["","container.from",["docker.io/library/golang:1.26.6","linux/amd64"],"sha256:0d1d3a794be25f809dd2cb3160d8c73276c4056a9f8242a138e908ddeee7b6b6"]
["","container.from",["registry.k8s.io/kwok/cluster:v0.7.0-k8s.v1.33.0","linux/amd64"],"sha256:c2cbb68659b0ece25694a0520415e24be09a617b70086971bc18e60b9f43c12f"]
["","git.ref",["https://github.com/dagger/go-sdk","HEAD"],{"ref":"refs/heads/main","sha":"902440e3e097a42cf16354e5eba6b2f0b86194e3"}]
["","git.ref",["https://github.com/frantjc/daggerverse","dagger-v1"],{"ref":"refs/heads/dagger-v1","sha":"9eaa49457dbb0653d491f2ec89b26aa94257d41e"}]